
Microsoft Visual Studio Solution File, Format Version 12.00
# Visual Studio Version 16
VisualStudioVersion = 16.0.28803.352
MinimumVisualStudioVersion = 10.0.40219.1
Project("{2150E333-8FDC-42A3-9474-1A3956D46DE8}") = "Shared", "Shared", "{D890E64F-F628-4C6F-8735-ED1F03E4833C}"
EndProject
Project("{9A19103F-16F7-4668-BE54-9A1E7A4F7556}") = "Core", "Shared\Core\Core.csproj", "{89D3593A-EF17-40C0-8E2C-36F17F96523D}"
EndProject
Project("{9A19103F-16F7-4668-BE54-9A1E7A4F7556}") = "Web", "Shared\Web\Web.csproj", "{51ABC0CF-6E9F-4DC1-B437-45EC64641264}"
EndProject
Project("{9A19103F-16F7-4668-BE54-9A1E7A4F7556}") = "Web.Cqrs", "Shared\Web.Cqrs\Web.Cqrs.csproj", "{EBB0DA39-3539-439E-9C49-13D7F0A0ACEC}"
EndProject
Project("{9A19103F-16F7-4668-BE54-9A1E7A4F7556}") = "Cqrs", "Shared\Cqrs\Cqrs.csproj", "{4AB28958-F73A-4D84-922D-7DD1B45635A7}"
EndProject
Project("{9A19103F-16F7-4668-BE54-9A1E7A4F7556}") = "DataAccessObject", "Shared\DataAccessObject\DataAccessObject.csproj", "{FBDBBDFC-BA5B-484C-93F5-7872A6E8B061}"
EndProject
Project("{9A19103F-16F7-4668-BE54-9A1E7A4F7556}") = "DomainModel", "Shared\DomainModel\DomainModel.csproj", "{4608B71A-BE25-45A4-9F5C-4D004AAE0CE1}"
EndProject
Project("{9A19103F-16F7-4668-BE54-9A1E7A4F7556}") = "EntityFramework", "Shared\EntityFramework\EntityFramework.csproj", "{A0BDA626-9B39-4EF4-9D77-4BF8CA11CA57}"
EndProject
Project("{9A19103F-16F7-4668-BE54-9A1E7A4F7556}") = "Http", "Shared\Http\Http.csproj", "{3116FB55-CA5F-4059-9C31-C6611EF352F4}"
EndProject
Project("{9A19103F-16F7-4668-BE54-9A1E7A4F7556}") = "Logging", "Shared\Logging\Logging.csproj", "{6A164AA3-D59D-481F-AEF6-F61D05FC4674}"
EndProject
Project("{9A19103F-16F7-4668-BE54-9A1E7A4F7556}") = "Repository", "Shared\Repository\Repository.csproj", "{0D27B6D4-A26F-4D85-AEEC-E0282277A303}"
EndProject
Project("{2150E333-8FDC-42A3-9474-1A3956D46DE8}") = "Catalog", "Catalog", "{5BD0C6E5-6B3A-400D-A8C6-5FFC866D219A}"
EndProject
Project("{9A19103F-16F7-4668-BE54-9A1E7A4F7556}") = "Catalog.Cqrs", "Catalog\Catalog.Cqrs\Catalog.Cqrs.csproj", "{3C6E7EAC-BDF3-451B-8CCA-C8ECE249E20A}"
EndProject
Project("{9A19103F-16F7-4668-BE54-9A1E7A4F7556}") = "Catalog.Cqrs.Handlers", "Catalog\Catalog.Cqrs.Handlers\Catalog.Cqrs.Handlers.csproj", "{423B6216-C0E9-4CE7-92E4-BE2F12A2E26B}"
EndProject
Project("{9A19103F-16F7-4668-BE54-9A1E7A4F7556}") = "Catalog.DomainModel", "Catalog\Catalog.DomainModel\Catalog.DomainModel.csproj", "{C515B8BC-BD99-4E56-BD79-7F684EBF2648}"
EndProject
Project("{9A19103F-16F7-4668-BE54-9A1E7A4F7556}") = "Catalog.ReadModel", "Catalog\Catalog.ReadModel\Catalog.ReadModel.csproj", "{E498514F-5A67-4EC8-A11E-349337D6AF05}"
EndProject
Project("{9A19103F-16F7-4668-BE54-9A1E7A4F7556}") = "Catalog.WebApi", "Catalog\Catalog.WebApi\Catalog.WebApi.csproj", "{210B7E09-0CB0-4524-9976-BF472CC65440}"
EndProject
Project("{9A19103F-16F7-4668-BE54-9A1E7A4F7556}") = "Depedencies", "Shared\Depedencies\Depedencies.csproj", "{0E89460D-92F7-4773-AD3C-3160D9040CF4}"
EndProject
Project("{9A19103F-16F7-4668-BE54-9A1E7A4F7556}") = "Catalog.EntityFramework", "Catalog\Catalog.EntityFramework\Catalog.EntityFramework.csproj", "{17F0AA3B-4B0A-4365-B27B-EC358A4321D8}"
EndProject
Global
	GlobalSection(SolutionConfigurationPlatforms) = preSolution
		Debug|Any CPU = Debug|Any CPU
		Release|Any CPU = Release|Any CPU
	EndGlobalSection
	GlobalSection(ProjectConfigurationPlatforms) = postSolution
		{89D3593A-EF17-40C0-8E2C-36F17F96523D}.Debug|Any CPU.ActiveCfg = Debug|Any CPU
		{89D3593A-EF17-40C0-8E2C-36F17F96523D}.Debug|Any CPU.Build.0 = Debug|Any CPU
		{89D3593A-EF17-40C0-8E2C-36F17F96523D}.Release|Any CPU.ActiveCfg = Release|Any CPU
		{89D3593A-EF17-40C0-8E2C-36F17F96523D}.Release|Any CPU.Build.0 = Release|Any CPU
		{51ABC0CF-6E9F-4DC1-B437-45EC64641264}.Debug|Any CPU.ActiveCfg = Debug|Any CPU
		{51ABC0CF-6E9F-4DC1-B437-45EC64641264}.Debug|Any CPU.Build.0 = Debug|Any CPU
		{51ABC0CF-6E9F-4DC1-B437-45EC64641264}.Release|Any CPU.ActiveCfg = Release|Any CPU
		{51ABC0CF-6E9F-4DC1-B437-45EC64641264}.Release|Any CPU.Build.0 = Release|Any CPU
		{EBB0DA39-3539-439E-9C49-13D7F0A0ACEC}.Debug|Any CPU.ActiveCfg = Debug|Any CPU
		{EBB0DA39-3539-439E-9C49-13D7F0A0ACEC}.Debug|Any CPU.Build.0 = Debug|Any CPU
		{EBB0DA39-3539-439E-9C49-13D7F0A0ACEC}.Release|Any CPU.ActiveCfg = Release|Any CPU
		{EBB0DA39-3539-439E-9C49-13D7F0A0ACEC}.Release|Any CPU.Build.0 = Release|Any CPU
		{4AB28958-F73A-4D84-922D-7DD1B45635A7}.Debug|Any CPU.ActiveCfg = Debug|Any CPU
		{4AB28958-F73A-4D84-922D-7DD1B45635A7}.Debug|Any CPU.Build.0 = Debug|Any CPU
		{4AB28958-F73A-4D84-922D-7DD1B45635A7}.Release|Any CPU.ActiveCfg = Release|Any CPU
		{4AB28958-F73A-4D84-922D-7DD1B45635A7}.Release|Any CPU.Build.0 = Release|Any CPU
		{FBDBBDFC-BA5B-484C-93F5-7872A6E8B061}.Debug|Any CPU.ActiveCfg = Debug|Any CPU
		{FBDBBDFC-BA5B-484C-93F5-7872A6E8B061}.Debug|Any CPU.Build.0 = Debug|Any CPU
		{FBDBBDFC-BA5B-484C-93F5-7872A6E8B061}.Release|Any CPU.ActiveCfg = Release|Any CPU
		{FBDBBDFC-BA5B-484C-93F5-7872A6E8B061}.Release|Any CPU.Build.0 = Release|Any CPU
		{4608B71A-BE25-45A4-9F5C-4D004AAE0CE1}.Debug|Any CPU.ActiveCfg = Debug|Any CPU
		{4608B71A-BE25-45A4-9F5C-4D004AAE0CE1}.Debug|Any CPU.Build.0 = Debug|Any CPU
		{4608B71A-BE25-45A4-9F5C-4D004AAE0CE1}.Release|Any CPU.ActiveCfg = Release|Any CPU
		{4608B71A-BE25-45A4-9F5C-4D004AAE0CE1}.Release|Any CPU.Build.0 = Release|Any CPU
		{A0BDA626-9B39-4EF4-9D77-4BF8CA11CA57}.Debug|Any CPU.ActiveCfg = Debug|Any CPU
		{A0BDA626-9B39-4EF4-9D77-4BF8CA11CA57}.Debug|Any CPU.Build.0 = Debug|Any CPU
		{A0BDA626-9B39-4EF4-9D77-4BF8CA11CA57}.Release|Any CPU.ActiveCfg = Release|Any CPU
		{A0BDA626-9B39-4EF4-9D77-4BF8CA11CA57}.Release|Any CPU.Build.0 = Release|Any CPU
		{3116FB55-CA5F-4059-9C31-C6611EF352F4}.Debug|Any CPU.ActiveCfg = Debug|Any CPU
		{3116FB55-CA5F-4059-9C31-C6611EF352F4}.Debug|Any CPU.Build.0 = Debug|Any CPU
		{3116FB55-CA5F-4059-9C31-C6611EF352F4}.Release|Any CPU.ActiveCfg = Release|Any CPU
		{3116FB55-CA5F-4059-9C31-C6611EF352F4}.Release|Any CPU.Build.0 = Release|Any CPU
		{6A164AA3-D59D-481F-AEF6-F61D05FC4674}.Debug|Any CPU.ActiveCfg = Debug|Any CPU
		{6A164AA3-D59D-481F-AEF6-F61D05FC4674}.Debug|Any CPU.Build.0 = Debug|Any CPU
		{6A164AA3-D59D-481F-AEF6-F61D05FC4674}.Release|Any CPU.ActiveCfg = Release|Any CPU
		{6A164AA3-D59D-481F-AEF6-F61D05FC4674}.Release|Any CPU.Build.0 = Release|Any CPU
		{0D27B6D4-A26F-4D85-AEEC-E0282277A303}.Debug|Any CPU.ActiveCfg = Debug|Any CPU
		{0D27B6D4-A26F-4D85-AEEC-E0282277A303}.Debug|Any CPU.Build.0 = Debug|Any CPU
		{0D27B6D4-A26F-4D85-AEEC-E0282277A303}.Release|Any CPU.ActiveCfg = Release|Any CPU
		{0D27B6D4-A26F-4D85-AEEC-E0282277A303}.Release|Any CPU.Build.0 = Release|Any CPU
		{3C6E7EAC-BDF3-451B-8CCA-C8ECE249E20A}.Debug|Any CPU.ActiveCfg = Debug|Any CPU
		{3C6E7EAC-BDF3-451B-8CCA-C8ECE249E20A}.Debug|Any CPU.Build.0 = Debug|Any CPU
		{3C6E7EAC-BDF3-451B-8CCA-C8ECE249E20A}.Release|Any CPU.ActiveCfg = Release|Any CPU
		{3C6E7EAC-BDF3-451B-8CCA-C8ECE249E20A}.Release|Any CPU.Build.0 = Release|Any CPU
		{423B6216-C0E9-4CE7-92E4-BE2F12A2E26B}.Debug|Any CPU.ActiveCfg = Debug|Any CPU
		{423B6216-C0E9-4CE7-92E4-BE2F12A2E26B}.Debug|Any CPU.Build.0 = Debug|Any CPU
		{423B6216-C0E9-4CE7-92E4-BE2F12A2E26B}.Release|Any CPU.ActiveCfg = Release|Any CPU
		{423B6216-C0E9-4CE7-92E4-BE2F12A2E26B}.Release|Any CPU.Build.0 = Release|Any CPU
		{C515B8BC-BD99-4E56-BD79-7F684EBF2648}.Debug|Any CPU.ActiveCfg = Debug|Any CPU
		{C515B8BC-BD99-4E56-BD79-7F684EBF2648}.Debug|Any CPU.Build.0 = Debug|Any CPU
		{C515B8BC-BD99-4E56-BD79-7F684EBF2648}.Release|Any CPU.ActiveCfg = Release|Any CPU
		{C515B8BC-BD99-4E56-BD79-7F684EBF2648}.Release|Any CPU.Build.0 = Release|Any CPU
		{E498514F-5A67-4EC8-A11E-349337D6AF05}.Debug|Any CPU.ActiveCfg = Debug|Any CPU
		{E498514F-5A67-4EC8-A11E-349337D6AF05}.Debug|Any CPU.Build.0 = Debug|Any CPU
		{E498514F-5A67-4EC8-A11E-349337D6AF05}.Release|Any CPU.ActiveCfg = Release|Any CPU
		{E498514F-5A67-4EC8-A11E-349337D6AF05}.Release|Any CPU.Build.0 = Release|Any CPU
		{210B7E09-0CB0-4524-9976-BF472CC65440}.Debug|Any CPU.ActiveCfg = Debug|Any CPU
		{210B7E09-0CB0-4524-9976-BF472CC65440}.Debug|Any CPU.Build.0 = Debug|Any CPU
		{210B7E09-0CB0-4524-9976-BF472CC65440}.Release|Any CPU.ActiveCfg = Release|Any CPU
		{210B7E09-0CB0-4524-9976-BF472CC65440}.Release|Any CPU.Build.0 = Release|Any CPU
		{0E89460D-92F7-4773-AD3C-3160D9040CF4}.Debug|Any CPU.ActiveCfg = Debug|Any CPU
		{0E89460D-92F7-4773-AD3C-3160D9040CF4}.Debug|Any CPU.Build.0 = Debug|Any CPU
		{0E89460D-92F7-4773-AD3C-3160D9040CF4}.Release|Any CPU.ActiveCfg = Release|Any CPU
		{0E89460D-92F7-4773-AD3C-3160D9040CF4}.Release|Any CPU.Build.0 = Release|Any CPU
		{17F0AA3B-4B0A-4365-B27B-EC358A4321D8}.Debug|Any CPU.ActiveCfg = Debug|Any CPU
		{17F0AA3B-4B0A-4365-B27B-EC358A4321D8}.Debug|Any CPU.Build.0 = Debug|Any CPU
		{17F0AA3B-4B0A-4365-B27B-EC358A4321D8}.Release|Any CPU.ActiveCfg = Release|Any CPU
		{17F0AA3B-4B0A-4365-B27B-EC358A4321D8}.Release|Any CPU.Build.0 = Release|Any CPU
	EndGlobalSection
	GlobalSection(SolutionProperties) = preSolution
		HideSolutionNode = FALSE
	EndGlobalSection
	GlobalSection(NestedProjects) = preSolution
		{89D3593A-EF17-40C0-8E2C-36F17F96523D} = {D890E64F-F628-4C6F-8735-ED1F03E4833C}
		{51ABC0CF-6E9F-4DC1-B437-45EC64641264} = {D890E64F-F628-4C6F-8735-ED1F03E4833C}
		{EBB0DA39-3539-439E-9C49-13D7F0A0ACEC} = {D890E64F-F628-4C6F-8735-ED1F03E4833C}
		{4AB28958-F73A-4D84-922D-7DD1B45635A7} = {D890E64F-F628-4C6F-8735-ED1F03E4833C}
		{FBDBBDFC-BA5B-484C-93F5-7872A6E8B061} = {D890E64F-F628-4C6F-8735-ED1F03E4833C}
		{4608B71A-BE25-45A4-9F5C-4D004AAE0CE1} = {D890E64F-F628-4C6F-8735-ED1F03E4833C}
		{A0BDA626-9B39-4EF4-9D77-4BF8CA11CA57} = {D890E64F-F628-4C6F-8735-ED1F03E4833C}
		{3116FB55-CA5F-4059-9C31-C6611EF352F4} = {D890E64F-F628-4C6F-8735-ED1F03E4833C}
		{6A164AA3-D59D-481F-AEF6-F61D05FC4674} = {D890E64F-F628-4C6F-8735-ED1F03E4833C}
		{0D27B6D4-A26F-4D85-AEEC-E0282277A303} = {D890E64F-F628-4C6F-8735-ED1F03E4833C}
		{3C6E7EAC-BDF3-451B-8CCA-C8ECE249E20A} = {5BD0C6E5-6B3A-400D-A8C6-5FFC866D219A}
		{423B6216-C0E9-4CE7-92E4-BE2F12A2E26B} = {5BD0C6E5-6B3A-400D-A8C6-5FFC866D219A}
		{C515B8BC-BD99-4E56-BD79-7F684EBF2648} = {5BD0C6E5-6B3A-400D-A8C6-5FFC866D219A}
		{E498514F-5A67-4EC8-A11E-349337D6AF05} = {5BD0C6E5-6B3A-400D-A8C6-5FFC866D219A}
		{210B7E09-0CB0-4524-9976-BF472CC65440} = {5BD0C6E5-6B3A-400D-A8C6-5FFC866D219A}
		{0E89460D-92F7-4773-AD3C-3160D9040CF4} = {D890E64F-F628-4C6F-8735-ED1F03E4833C}
		{17F0AA3B-4B0A-4365-B27B-EC358A4321D8} = {5BD0C6E5-6B3A-400D-A8C6-5FFC866D219A}
	EndGlobalSection
	GlobalSection(ExtensibilityGlobals) = postSolution
		SolutionGuid = {084DE146-273B-45F5-BF64-9324E07712CB}
	EndGlobalSection
EndGlobal
