
Microsoft Visual Studio Solution File, Format Version 12.00
# Visual Studio Version 16
VisualStudioVersion = 16.0.28902.138
MinimumVisualStudioVersion = 10.0.40219.1
Project("{9A19103F-16F7-4668-BE54-9A1E7A4F7556}") = "Demo", "Demo.csproj", "{2E73ABD1-6015-4BD0-929C-8D549606CE13}"
EndProject
Project("{FAE04EC0-301F-11D3-BF4B-00C04F79EFBC}") = "DemoLibrary", "DemoLibrary\DemoLibrary.csproj", "{E0D63BC6-5BA3-496A-9740-8FA8603A6E03}"
EndProject
Global
	GlobalSection(SolutionConfigurationPlatforms) = preSolution
		Debug|Any CPU = Debug|Any CPU
		Release|Any CPU = Release|Any CPU
	EndGlobalSection
	GlobalSection(ProjectConfigurationPlatforms) = postSolution
		{2E73ABD1-6015-4BD0-929C-8D549606CE13}.Debug|Any CPU.ActiveCfg = Debug|Any CPU
		{2E73ABD1-6015-4BD0-929C-8D549606CE13}.Debug|Any CPU.Build.0 = Debug|Any CPU
		{2E73ABD1-6015-4BD0-929C-8D549606CE13}.Release|Any CPU.ActiveCfg = Release|Any CPU
		{2E73ABD1-6015-4BD0-929C-8D549606CE13}.Release|Any CPU.Build.0 = Release|Any CPU
		{E0D63BC6-5BA3-496A-9740-8FA8603A6E03}.Debug|Any CPU.ActiveCfg = Debug|Any CPU
		{E0D63BC6-5BA3-496A-9740-8FA8603A6E03}.Debug|Any CPU.Build.0 = Debug|Any CPU
		{E0D63BC6-5BA3-496A-9740-8FA8603A6E03}.Release|Any CPU.ActiveCfg = Release|Any CPU
		{E0D63BC6-5BA3-496A-9740-8FA8603A6E03}.Release|Any CPU.Build.0 = Release|Any CPU
	EndGlobalSection
	GlobalSection(SolutionProperties) = preSolution
		HideSolutionNode = FALSE
	EndGlobalSection
	GlobalSection(ExtensibilityGlobals) = postSolution
		SolutionGuid = {A31EE533-26A3-45F6-957F-2034EE752381}
	EndGlobalSection
EndGlobal
